
Microsoft Visual Studio Solution File, Format Version 12.00
# Visual Studio 2015
Project("{FAE04EC0-301F-11D3-BF4B-00C04F79EFBC}") = "SuperSmartyBros.CSharp.Plugins", "SuperSmartyBros.CSharp.Plugins.csproj", "{AB6325C6-B168-0690-3E7C-6A78905FEDA1}"
EndProject
Project("{FAE04EC0-301F-11D3-BF4B-00C04F79EFBC}") = "SuperSmartyBros.CSharp", "SuperSmartyBros.CSharp.csproj", "{F82B0820-9CB2-B504-4214-73420FF4FF40}"
EndProject
Project("{FAE04EC0-301F-11D3-BF4B-00C04F79EFBC}") = "SuperSmartyBros.CSharp.Editor", "SuperSmartyBros.CSharp.Editor.csproj", "{182003BE-0F14-1C56-E7C5-A8C2A41BEBB0}"
EndProject
Global
	GlobalSection(SolutionConfigurationPlatforms) = preSolution
		Debug|Any CPU = Debug|Any CPU
		Release|Any CPU = Release|Any CPU
	EndGlobalSection
	GlobalSection(ProjectConfigurationPlatforms) = postSolution
		{AB6325C6-B168-0690-3E7C-6A78905FEDA1}.Debug|Any CPU.ActiveCfg = Debug|Any CPU
		{AB6325C6-B168-0690-3E7C-6A78905FEDA1}.Debug|Any CPU.Build.0 = Debug|Any CPU
		{AB6325C6-B168-0690-3E7C-6A78905FEDA1}.Release|Any CPU.ActiveCfg = Release|Any CPU
		{AB6325C6-B168-0690-3E7C-6A78905FEDA1}.Release|Any CPU.Build.0 = Release|Any CPU
		{F82B0820-9CB2-B504-4214-73420FF4FF40}.Debug|Any CPU.ActiveCfg = Debug|Any CPU
		{F82B0820-9CB2-B504-4214-73420FF4FF40}.Debug|Any CPU.Build.0 = Debug|Any CPU
		{F82B0820-9CB2-B504-4214-73420FF4FF40}.Release|Any CPU.ActiveCfg = Release|Any CPU
		{F82B0820-9CB2-B504-4214-73420FF4FF40}.Release|Any CPU.Build.0 = Release|Any CPU
		{182003BE-0F14-1C56-E7C5-A8C2A41BEBB0}.Debug|Any CPU.ActiveCfg = Debug|Any CPU
		{182003BE-0F14-1C56-E7C5-A8C2A41BEBB0}.Debug|Any CPU.Build.0 = Debug|Any CPU
		{182003BE-0F14-1C56-E7C5-A8C2A41BEBB0}.Release|Any CPU.ActiveCfg = Release|Any CPU
		{182003BE-0F14-1C56-E7C5-A8C2A41BEBB0}.Release|Any CPU.Build.0 = Release|Any CPU
	EndGlobalSection
	GlobalSection(SolutionProperties) = preSolution
		HideSolutionNode = FALSE
	EndGlobalSection
EndGlobal
